
Microsoft Visual Studio Solution File, Format Version 12.00
# Visual Studio Version 17
VisualStudioVersion = 17.7.34031.279
MinimumVisualStudioVersion = 10.0.40219.1
Project("{FAE04EC0-301F-11D3-BF4B-00C04F79EFBC}") = "W02 - Practice - Button", "W02 - Practice - Button\W02 - Practice - Button.csproj", "{EF7F180B-327C-4937-BE80-ADD5C1752C75}"
EndProject
Global
	GlobalSection(SolutionConfigurationPlatforms) = preSolution
		Debug|Any CPU = Debug|Any CPU
		Release|Any CPU = Release|Any CPU
	EndGlobalSection
	GlobalSection(ProjectConfigurationPlatforms) = postSolution
		{EF7F180B-327C-4937-BE80-ADD5C1752C75}.Debug|Any CPU.ActiveCfg = Debug|Any CPU
		{EF7F180B-327C-4937-BE80-ADD5C1752C75}.Debug|Any CPU.Build.0 = Debug|Any CPU
		{EF7F180B-327C-4937-BE80-ADD5C1752C75}.Release|Any CPU.ActiveCfg = Release|Any CPU
		{EF7F180B-327C-4937-BE80-ADD5C1752C75}.Release|Any CPU.Build.0 = Release|Any CPU
	EndGlobalSection
	GlobalSection(SolutionProperties) = preSolution
		HideSolutionNode = FALSE
	EndGlobalSection
	GlobalSection(ExtensibilityGlobals) = postSolution
		SolutionGuid = {43BA4259-B652-4FC5-AA60-B2EFFF6EBDEC}
	EndGlobalSection
EndGlobal
