
Microsoft Visual Studio Solution File, Format Version 12.00
# Visual Studio Version 17
VisualStudioVersion = 17.7.34031.279
MinimumVisualStudioVersion = 10.0.40219.1
Project("{FAE04EC0-301F-11D3-BF4B-00C04F79EFBC}") = "W08 - Practice - Menu Strip", "W08 - Practice - Menu Strip\W08 - Practice - Menu Strip.csproj", "{AD00ACE1-1F6D-4F3D-B6CA-961935AB1733}"
EndProject
Global
	GlobalSection(SolutionConfigurationPlatforms) = preSolution
		Debug|Any CPU = Debug|Any CPU
		Release|Any CPU = Release|Any CPU
	EndGlobalSection
	GlobalSection(ProjectConfigurationPlatforms) = postSolution
		{AD00ACE1-1F6D-4F3D-B6CA-961935AB1733}.Debug|Any CPU.ActiveCfg = Debug|Any CPU
		{AD00ACE1-1F6D-4F3D-B6CA-961935AB1733}.Debug|Any CPU.Build.0 = Debug|Any CPU
		{AD00ACE1-1F6D-4F3D-B6CA-961935AB1733}.Release|Any CPU.ActiveCfg = Release|Any CPU
		{AD00ACE1-1F6D-4F3D-B6CA-961935AB1733}.Release|Any CPU.Build.0 = Release|Any CPU
	EndGlobalSection
	GlobalSection(SolutionProperties) = preSolution
		HideSolutionNode = FALSE
	EndGlobalSection
	GlobalSection(ExtensibilityGlobals) = postSolution
		SolutionGuid = {C9C275DD-EC48-449E-9C9D-D1016391CA44}
	EndGlobalSection
EndGlobal
